
Microsoft Visual Studio Solution File, Format Version 12.00
# Visual Studio Version 17
VisualStudioVersion = 17.0.31903.59
MinimumVisualStudioVersion = 10.0.40219.1
Project("{FAE04EC0-301F-11D3-BF4B-00C04F79EFBC}") = "API", "API\API.csproj", "{E96F0C59-BD03-410E-8801-C14C49E28E18}"
EndProject
Project("{FAE04EC0-301F-11D3-BF4B-00C04F79EFBC}") = "DomainModel", "DomainModel\DomainModel.csproj", "{8EE4AE75-549F-48BE-9950-DC8DF3DE9CB0}"
EndProject
Project("{FAE04EC0-301F-11D3-BF4B-00C04F79EFBC}") = "Repository", "Repository\Repository.csproj", "{7C49F973-795E-4A43-A41C-2863E8705B85}"
EndProject
Global
	GlobalSection(SolutionConfigurationPlatforms) = preSolution
		Debug|Any CPU = Debug|Any CPU
		Release|Any CPU = Release|Any CPU
	EndGlobalSection
	GlobalSection(ProjectConfigurationPlatforms) = postSolution
		{E96F0C59-BD03-410E-8801-C14C49E28E18}.Debug|Any CPU.ActiveCfg = Debug|Any CPU
		{E96F0C59-BD03-410E-8801-C14C49E28E18}.Debug|Any CPU.Build.0 = Debug|Any CPU
		{E96F0C59-BD03-410E-8801-C14C49E28E18}.Release|Any CPU.ActiveCfg = Release|Any CPU
		{E96F0C59-BD03-410E-8801-C14C49E28E18}.Release|Any CPU.Build.0 = Release|Any CPU
		{8EE4AE75-549F-48BE-9950-DC8DF3DE9CB0}.Debug|Any CPU.ActiveCfg = Debug|Any CPU
		{8EE4AE75-549F-48BE-9950-DC8DF3DE9CB0}.Debug|Any CPU.Build.0 = Debug|Any CPU
		{8EE4AE75-549F-48BE-9950-DC8DF3DE9CB0}.Release|Any CPU.ActiveCfg = Release|Any CPU
		{8EE4AE75-549F-48BE-9950-DC8DF3DE9CB0}.Release|Any CPU.Build.0 = Release|Any CPU
		{7C49F973-795E-4A43-A41C-2863E8705B85}.Debug|Any CPU.ActiveCfg = Debug|Any CPU
		{7C49F973-795E-4A43-A41C-2863E8705B85}.Debug|Any CPU.Build.0 = Debug|Any CPU
		{7C49F973-795E-4A43-A41C-2863E8705B85}.Release|Any CPU.ActiveCfg = Release|Any CPU
		{7C49F973-795E-4A43-A41C-2863E8705B85}.Release|Any CPU.Build.0 = Release|Any CPU
	EndGlobalSection
	GlobalSection(SolutionProperties) = preSolution
		HideSolutionNode = FALSE
	EndGlobalSection
	GlobalSection(ExtensibilityGlobals) = postSolution
		SolutionGuid = {32D8F9ED-97E0-4458-81D2-9583F5F3AB6C}
	EndGlobalSection
EndGlobal
